// !$*UTF8*$!
{
	archiveVersion = 1;
	classes = {
	};
	objectVersion = 50;
	objects = {

/* Begin PBXBuildFile section */
		1FCC5AB3F134C615DAD1EBA3 /* Pods_MessangerApp_MessangerAppUITests.framework in Frameworks */ = {isa = PBXBuildFile; fileRef = 48392A34907515321332D216 /* Pods_MessangerApp_MessangerAppUITests.framework */; };
		281A52CBCCBF9254E06B2B54 /* Pods_MessangerApp.framework in Frameworks */ = {isa = PBXBuildFile; fileRef = 2E3B1EC8335672CD813C860A /* Pods_MessangerApp.framework */; };
		92BBD9A9BE22DCA6B28047F9 /* Pods_MessangerAppTests.framework in Frameworks */ = {isa = PBXBuildFile; fileRef = D5114F5F620F8696ADDDE624 /* Pods_MessangerAppTests.framework */; };
		C3372E44272945870003C08D /* AppDelegate.swift in Sources */ = {isa = PBXBuildFile; fileRef = C3372E43272945870003C08D /* AppDelegate.swift */; };
		C3372E46272945880003C08D /* SceneDelegate.swift in Sources */ = {isa = PBXBuildFile; fileRef = C3372E45272945880003C08D /* SceneDelegate.swift */; };
		C3372E48272945880003C08D /* LoginViewController.swift in Sources */ = {isa = PBXBuildFile; fileRef = C3372E47272945880003C08D /* LoginViewController.swift */; };
		C3372E4B272945880003C08D /* Main.storyboard in Resources */ = {isa = PBXBuildFile; fileRef = C3372E49272945880003C08D /* Main.storyboard */; };
		C3372E4D272945890003C08D /* Assets.xcassets in Resources */ = {isa = PBXBuildFile; fileRef = C3372E4C272945890003C08D /* Assets.xcassets */; };
		C3372E50272945890003C08D /* LaunchScreen.storyboard in Resources */ = {isa = PBXBuildFile; fileRef = C3372E4E272945890003C08D /* LaunchScreen.storyboard */; };
		C3372E5B272945890003C08D /* MessangerAppTests.swift in Sources */ = {isa = PBXBuildFile; fileRef = C3372E5A272945890003C08D /* MessangerAppTests.swift */; };
		C3372E66272945890003C08D /* MessangerAppUITests.swift in Sources */ = {isa = PBXBuildFile; fileRef = C3372E65272945890003C08D /* MessangerAppUITests.swift */; };
		C3372E7C27296F4E0003C08D /* RegisterViewController.swift in Sources */ = {isa = PBXBuildFile; fileRef = C3372E7B27296F4E0003C08D /* RegisterViewController.swift */; };
		C3372E7E272970110003C08D /* ProfileViewController.swift in Sources */ = {isa = PBXBuildFile; fileRef = C3372E7D272970110003C08D /* ProfileViewController.swift */; };
		C3372E80272970670003C08D /* ConversationViewController ConversationViewController.swift in Sources */ = {isa = PBXBuildFile; fileRef = C3372E7F272970670003C08D /* ConversationViewController ConversationViewController.swift */; };
/* End PBXBuildFile section */

/* Begin PBXContainerItemProxy section */
		C3372E57272945890003C08D /* PBXContainerItemProxy */ = {
			isa = PBXContainerItemProxy;
			containerPortal = C3372E38272945870003C08D /* Project object */;
			proxyType = 1;
			remoteGlobalIDString = C3372E3F272945870003C08D;
			remoteInfo = MessangerApp;
		};
		C3372E62272945890003C08D /* PBXContainerItemProxy */ = {
			isa = PBXContainerItemProxy;
			containerPortal = C3372E38272945870003C08D /* Project object */;
			proxyType = 1;
			remoteGlobalIDString = C3372E3F272945870003C08D;
			remoteInfo = MessangerApp;
		};
/* End PBXContainerItemProxy section */

/* Begin PBXFileReference section */
		2BD007E0CD7419886801F29E /* Pods-MessangerApp.release.xcconfig */ = {isa = PBXFileReference; includeInIndex = 1; lastKnownFileType = text.xcconfig; name = "Pods-MessangerApp.release.xcconfig"; path = "Target Support Files/Pods-MessangerApp/Pods-MessangerApp.release.xcconfig"; sourceTree = "<group>"; };
		2E3B1EC8335672CD813C860A /* Pods_MessangerApp.framework */ = {isa = PBXFileReference; explicitFileType = wrapper.framework; includeInIndex = 0; path = Pods_MessangerApp.framework; sourceTree = BUILT_PRODUCTS_DIR; };
		3230B9C9BE92FD4A8C15653C /* Pods-MessangerApp-MessangerAppUITests.release.xcconfig */ = {isa = PBXFileReference; includeInIndex = 1; lastKnownFileType = text.xcconfig; name = "Pods-MessangerApp-MessangerAppUITests.release.xcconfig"; path = "Target Support Files/Pods-MessangerApp-MessangerAppUITests/Pods-MessangerApp-MessangerAppUITests.release.xcconfig"; sourceTree = "<group>"; };
		4820AA42609B9F4EBC34BEFC /* Pods-MessangerAppTests.debug.xcconfig */ = {isa = PBXFileReference; includeInIndex = 1; lastKnownFileType = text.xcconfig; name = "Pods-MessangerAppTests.debug.xcconfig"; path = "Target Support Files/Pods-MessangerAppTests/Pods-MessangerAppTests.debug.xcconfig"; sourceTree = "<group>"; };
		48392A34907515321332D216 /* Pods_MessangerApp_MessangerAppUITests.framework */ = {isa = PBXFileReference; explicitFileType = wrapper.framework; includeInIndex = 0; path = Pods_MessangerApp_MessangerAppUITests.framework; sourceTree = BUILT_PRODUCTS_DIR; };
		51E39C3FAB5AC3919D92959B /* Pods-MessangerApp-MessangerAppUITests.debug.xcconfig */ = {isa = PBXFileReference; includeInIndex = 1; lastKnownFileType = text.xcconfig; name = "Pods-MessangerApp-MessangerAppUITests.debug.xcconfig"; path = "Target Support Files/Pods-MessangerApp-MessangerAppUITests/Pods-MessangerApp-MessangerAppUITests.debug.xcconfig"; sourceTree = "<group>"; };
		62C19ED14068F41BFE42C466 /* Pods-MessangerApp.debug.xcconfig */ = {isa = PBXFileReference; includeInIndex = 1; lastKnownFileType = text.xcconfig; name = "Pods-MessangerApp.debug.xcconfig"; path = "Target Support Files/Pods-MessangerApp/Pods-MessangerApp.debug.xcconfig"; sourceTree = "<group>"; };
		C3372E40272945870003C08D /* MessangerApp.app */ = {isa = PBXFileReference; explicitFileType = wrapper.application; includeInIndex = 0; path = MessangerApp.app; sourceTree = BUILT_PRODUCTS_DIR; };
		C3372E43272945870003C08D /* AppDelegate.swift */ = {isa = PBXFileReference; lastKnownFileType = sourcecode.swift; path = AppDelegate.swift; sourceTree = "<group>"; };
		C3372E45272945880003C08D /* SceneDelegate.swift */ = {isa = PBXFileReference; lastKnownFileType = sourcecode.swift; path = SceneDelegate.swift; sourceTree = "<group>"; };
		C3372E47272945880003C08D /* LoginViewController.swift */ = {isa = PBXFileReference; lastKnownFileType = sourcecode.swift; path = LoginViewController.swift; sourceTree = "<group>"; };
		C3372E4A272945880003C08D /* Base */ = {isa = PBXFileReference; lastKnownFileType = file.storyboard; name = Base; path = Base.lproj/Main.storyboard; sourceTree = "<group>"; };
		C3372E4C272945890003C08D /* Assets.xcassets */ = {isa = PBXFileReference; lastKnownFileType = folder.assetcatalog; path = Assets.xcassets; sourceTree = "<group>"; };
		C3372E4F272945890003C08D /* Base */ = {isa = PBXFileReference; lastKnownFileType = file.storyboard; name = Base; path = Base.lproj/LaunchScreen.storyboard; sourceTree = "<group>"; };
		C3372E51272945890003C08D /* Info.plist */ = {isa = PBXFileReference; lastKnownFileType = text.plist.xml; path = Info.plist; sourceTree = "<group>"; };
		C3372E56272945890003C08D /* MessangerAppTests.xctest */ = {isa = PBXFileReference; explicitFileType = wrapper.cfbundle; includeInIndex = 0; path = MessangerAppTests.xctest; sourceTree = BUILT_PRODUCTS_DIR; };
		C3372E5A272945890003C08D /* MessangerAppTests.swift */ = {isa = PBXFileReference; lastKnownFileType = sourcecode.swift; path = MessangerAppTests.swift; sourceTree = "<group>"; };
		C3372E5C272945890003C08D /* Info.plist */ = {isa = PBXFileReference; lastKnownFileType = text.plist.xml; path = Info.plist; sourceTree = "<group>"; };
		C3372E61272945890003C08D /* MessangerAppUITests.xctest */ = {isa = PBXFileReference; explicitFileType = wrapper.cfbundle; includeInIndex = 0; path = MessangerAppUITests.xctest; sourceTree = BUILT_PRODUCTS_DIR; };
		C3372E65272945890003C08D /* MessangerAppUITests.swift */ = {isa = PBXFileReference; lastKnownFileType = sourcecode.swift; path = MessangerAppUITests.swift; sourceTree = "<group>"; };
		C3372E67272945890003C08D /* Info.plist */ = {isa = PBXFileReference; lastKnownFileType = text.plist.xml; path = Info.plist; sourceTree = "<group>"; };
		C3372E7B27296F4E0003C08D /* RegisterViewController.swift */ = {isa = PBXFileReference; lastKnownFileType = sourcecode.swift; path = RegisterViewController.swift; sourceTree = "<group>"; };
		C3372E7D272970110003C08D /* ProfileViewController.swift */ = {isa = PBXFileReference; lastKnownFileType = sourcecode.swift; path = ProfileViewController.swift; sourceTree = "<group>"; };
		C3372E7F272970670003C08D /* ConversationViewController ConversationViewController.swift */ = {isa = PBXFileReference; lastKnownFileType = sourcecode.swift; path = "ConversationViewController ConversationViewController.swift"; sourceTree = "<group>"; };
		D00AFBF0CFF64B312AA7FBBB /* Pods-MessangerAppTests.release.xcconfig */ = {isa = PBXFileReference; includeInIndex = 1; lastKnownFileType = text.xcconfig; name = "Pods-MessangerAppTests.release.xcconfig"; path = "Target Support Files/Pods-MessangerAppTests/Pods-MessangerAppTests.release.xcconfig"; sourceTree = "<group>"; };
		D5114F5F620F8696ADDDE624 /* Pods_MessangerAppTests.framework */ = {isa = PBXFileReference; explicitFileType = wrapper.framework; includeInIndex = 0; path = Pods_MessangerAppTests.framework; sourceTree = BUILT_PRODUCTS_DIR; };
/* End PBXFileReference section */

/* Begin PBXFrameworksBuildPhase section */
		C3372E3D272945870003C08D /* Frameworks */ = {
			isa = PBXFrameworksBuildPhase;
			buildActionMask = 2147483647;
			files = (
				281A52CBCCBF9254E06B2B54 /* Pods_MessangerApp.framework in Frameworks */,
			);
			runOnlyForDeploymentPostprocessing = 0;
		};
		C3372E53272945890003C08D /* Frameworks */ = {
			isa = PBXFrameworksBuildPhase;
			buildActionMask = 2147483647;
			files = (
				92BBD9A9BE22DCA6B28047F9 /* Pods_MessangerAppTests.framework in Frameworks */,
			);
			runOnlyForDeploymentPostprocessing = 0;
		};
		C3372E5E272945890003C08D /* Frameworks */ = {
			isa = PBXFrameworksBuildPhase;
			buildActionMask = 2147483647;
			files = (
				1FCC5AB3F134C615DAD1EBA3 /* Pods_MessangerApp_MessangerAppUITests.framework in Frameworks */,
			);
			runOnlyForDeploymentPostprocessing = 0;
		};
/* End PBXFrameworksBuildPhase section */

/* Begin PBXGroup section */
		22BB0A906378545FF4B142E9 /* Frameworks */ = {
			isa = PBXGroup;
			children = (
				2E3B1EC8335672CD813C860A /* Pods_MessangerApp.framework */,
				48392A34907515321332D216 /* Pods_MessangerApp_MessangerAppUITests.framework */,
				D5114F5F620F8696ADDDE624 /* Pods_MessangerAppTests.framework */,
			);
			name = Frameworks;
			sourceTree = "<group>";
		};
		4020C452F56886612BEC6FF2 /* Pods */ = {
			isa = PBXGroup;
			children = (
				62C19ED14068F41BFE42C466 /* Pods-MessangerApp.debug.xcconfig */,
				2BD007E0CD7419886801F29E /* Pods-MessangerApp.release.xcconfig */,
				51E39C3FAB5AC3919D92959B /* Pods-MessangerApp-MessangerAppUITests.debug.xcconfig */,
				3230B9C9BE92FD4A8C15653C /* Pods-MessangerApp-MessangerAppUITests.release.xcconfig */,
				4820AA42609B9F4EBC34BEFC /* Pods-MessangerAppTests.debug.xcconfig */,
				D00AFBF0CFF64B312AA7FBBB /* Pods-MessangerAppTests.release.xcconfig */,
			);
			path = Pods;
			sourceTree = "<group>";
		};
		C3372E37272945870003C08D = {
			isa = PBXGroup;
			children = (
				C3372E42272945870003C08D /* MessangerApp */,
				C3372E59272945890003C08D /* MessangerAppTests */,
				C3372E64272945890003C08D /* MessangerAppUITests */,
				C3372E41272945870003C08D /* Products */,
				4020C452F56886612BEC6FF2 /* Pods */,
				22BB0A906378545FF4B142E9 /* Frameworks */,
			);
			sourceTree = "<group>";
		};
		C3372E41272945870003C08D /* Products */ = {
			isa = PBXGroup;
			children = (
				C3372E40272945870003C08D /* MessangerApp.app */,
				C3372E56272945890003C08D /* MessangerAppTests.xctest */,
				C3372E61272945890003C08D /* MessangerAppUITests.xctest */,
			);
			name = Products;
			sourceTree = "<group>";
		};
		C3372E42272945870003C08D /* MessangerApp */ = {
			isa = PBXGroup;
			children = (
				C3372E7727296E430003C08D /* Controllers */,
				C3372E7527296DE60003C08D /* Views */,
				C3372E7427296DB70003C08D /* Models */,
				C3372E7327296D2D0003C08D /* Resources */,
			);
			path = MessangerApp;
			sourceTree = "<group>";
		};
		C3372E59272945890003C08D /* MessangerAppTests */ = {
			isa = PBXGroup;
			children = (
				C3372E5A272945890003C08D /* MessangerAppTests.swift */,
				C3372E5C272945890003C08D /* Info.plist */,
			);
			path = MessangerAppTests;
			sourceTree = "<group>";
		};
		C3372E64272945890003C08D /* MessangerAppUITests */ = {
			isa = PBXGroup;
			children = (
				C3372E65272945890003C08D /* MessangerAppUITests.swift */,
				C3372E67272945890003C08D /* Info.plist */,
			);
			path = MessangerAppUITests;
			sourceTree = "<group>";
		};
		C3372E7327296D2D0003C08D /* Resources */ = {
			isa = PBXGroup;
			children = (
				C3372E51272945890003C08D /* Info.plist */,
				C3372E45272945880003C08D /* SceneDelegate.swift */,
				C3372E43272945870003C08D /* AppDelegate.swift */,
			);
			path = Resources;
			sourceTree = "<group>";
		};
		C3372E7427296DB70003C08D /* Models */ = {
			isa = PBXGroup;
			children = (
			);
			path = Models;
			sourceTree = "<group>";
		};
		C3372E7527296DE60003C08D /* Views */ = {
			isa = PBXGroup;
			children = (
				C3372E4C272945890003C08D /* Assets.xcassets */,
				C3372E7627296DF90003C08D /* StoryBoard */,
			);
			path = Views;
			sourceTree = "<group>";
		};
		C3372E7627296DF90003C08D /* StoryBoard */ = {
			isa = PBXGroup;
			children = (
				C3372E4E272945890003C08D /* LaunchScreen.storyboard */,
				C3372E49272945880003C08D /* Main.storyboard */,
			);
			path = StoryBoard;
			sourceTree = "<group>";
		};
		C3372E7727296E430003C08D /* Controllers */ = {
			isa = PBXGroup;
			children = (
				C3372E7A27296F180003C08D /* Profile */,
				C3372E7927296EDB0003C08D /* Conversation */,
				C3372E7827296E8E0003C08D /* Authentication */,
			);
			path = Controllers;
			sourceTree = "<group>";
		};
		C3372E7827296E8E0003C08D /* Authentication */ = {
			isa = PBXGroup;
			children = (
				C3372E47272945880003C08D /* LoginViewController.swift */,
				C3372E7B27296F4E0003C08D /* RegisterViewController.swift */,
			);
			path = Authentication;
			sourceTree = "<group>";
		};
		C3372E7927296EDB0003C08D /* Conversation */ = {
			isa = PBXGroup;
			children = (
				C3372E7F272970670003C08D /* ConversationViewController ConversationViewController.swift */,
			);
			path = Conversation;
			sourceTree = "<group>";
		};
		C3372E7A27296F180003C08D /* Profile */ = {
			isa = PBXGroup;
			children = (
				C3372E7D272970110003C08D /* ProfileViewController.swift */,
			);
			path = Profile;
			sourceTree = "<group>";
		};
/* End PBXGroup section */

/* Begin PBXNativeTarget section */
		C3372E3F272945870003C08D /* MessangerApp */ = {
			isa = PBXNativeTarget;
			buildConfigurationList = C3372E6A272945890003C08D /* Build configuration list for PBXNativeTarget "MessangerApp" */;
			buildPhases = (
				BF9104D1A71E47C389986529 /* [CP] Check Pods Manifest.lock */,
				C3372E3C272945870003C08D /* Sources */,
				C3372E3D272945870003C08D /* Frameworks */,
				C3372E3E272945870003C08D /* Resources */,
			);
			buildRules = (
			);
			dependencies = (
			);
			name = MessangerApp;
			productName = MessangerApp;
			productReference = C3372E40272945870003C08D /* MessangerApp.app */;
			productType = "com.apple.product-type.application";
		};
		C3372E55272945890003C08D /* MessangerAppTests */ = {
			isa = PBXNativeTarget;
			buildConfigurationList = C3372E6D272945890003C08D /* Build configuration list for PBXNativeTarget "MessangerAppTests" */;
			buildPhases = (
				7948FDAD93C5726950B6764B /* [CP] Check Pods Manifest.lock */,
				C3372E52272945890003C08D /* Sources */,
				C3372E53272945890003C08D /* Frameworks */,
				C3372E54272945890003C08D /* Resources */,
			);
			buildRules = (
			);
			dependencies = (
				C3372E58272945890003C08D /* PBXTargetDependency */,
			);
			name = MessangerAppTests;
			productName = MessangerAppTests;
			productReference = C3372E56272945890003C08D /* MessangerAppTests.xctest */;
			productType = "com.apple.product-type.bundle.unit-test";
		};
		C3372E60272945890003C08D /* MessangerAppUITests */ = {
			isa = PBXNativeTarget;
			buildConfigurationList = C3372E70272945890003C08D /* Build configuration list for PBXNativeTarget "MessangerAppUITests" */;
			buildPhases = (
				D1F79C2EAE9AC8D5E7E6604A /* [CP] Check Pods Manifest.lock */,
				C3372E5D272945890003C08D /* Sources */,
				C3372E5E272945890003C08D /* Frameworks */,
				C3372E5F272945890003C08D /* Resources */,
			);
			buildRules = (
			);
			dependencies = (
				C3372E63272945890003C08D /* PBXTargetDependency */,
			);
			name = MessangerAppUITests;
			productName = MessangerAppUITests;
			productReference = C3372E61272945890003C08D /* MessangerAppUITests.xctest */;
			productType = "com.apple.product-type.bundle.ui-testing";
		};
/* End PBXNativeTarget section */

/* Begin PBXProject section */
		C3372E38272945870003C08D /* Project object */ = {
			isa = PBXProject;
			attributes = {
				LastSwiftUpdateCheck = 1250;
				LastUpgradeCheck = 1250;
				TargetAttributes = {
					C3372E3F272945870003C08D = {
						CreatedOnToolsVersion = 12.5.1;
					};
					C3372E55272945890003C08D = {
						CreatedOnToolsVersion = 12.5.1;
						TestTargetID = C3372E3F272945870003C08D;
					};
					C3372E60272945890003C08D = {
						CreatedOnToolsVersion = 12.5.1;
						TestTargetID = C3372E3F272945870003C08D;
					};
				};
			};
			buildConfigurationList = C3372E3B272945870003C08D /* Build configuration list for PBXProject "MessangerApp" */;
			compatibilityVersion = "Xcode 9.3";
			developmentRegion = en;
			hasScannedForEncodings = 0;
			knownRegions = (
				en,
				Base,
			);
			mainGroup = C3372E37272945870003C08D;
			productRefGroup = C3372E41272945870003C08D /* Products */;
			projectDirPath = "";
			projectRoot = "";
			targets = (
				C3372E3F272945870003C08D /* MessangerApp */,
				C3372E55272945890003C08D /* MessangerAppTests */,
				C3372E60272945890003C08D /* MessangerAppUITests */,
			);
		};
/* End PBXProject section */

/* Begin PBXResourcesBuildPhase section */
		C3372E3E272945870003C08D /* Resources */ = {
			isa = PBXResourcesBuildPhase;
			buildActionMask = 2147483647;
			files = (
				C3372E50272945890003C08D /* LaunchScreen.storyboard in Resources */,
				C3372E4D272945890003C08D /* Assets.xcassets in Resources */,
				C3372E4B272945880003C08D /* Main.storyboard in Resources */,
			);
			runOnlyForDeploymentPostprocessing = 0;
		};
		C3372E54272945890003C08D /* Resources */ = {
			isa = PBXResourcesBuildPhase;
			buildActionMask = 2147483647;
			files = (
			);
			runOnlyForDeploymentPostprocessing = 0;
		};
		C3372E5F272945890003C08D /* Resources */ = {
			isa = PBXResourcesBuildPhase;
			buildActionMask = 2147483647;
			files = (
			);
			runOnlyForDeploymentPostprocessing = 0;
		};
/* End PBXResourcesBuildPhase section */

/* Begin PBXShellScriptBuildPhase section */
		7948FDAD93C5726950B6764B /* [CP] Check Pods Manifest.lock */ = {
			isa = PBXShellScriptBuildPhase;
			buildActionMask = 2147483647;
			files = (
			);
			inputFileListPaths = (
			);
			inputPaths = (
				"${PODS_PODFILE_DIR_PATH}/Podfile.lock",
				"${PODS_ROOT}/Manifest.lock",
			);
			name = "[CP] Check Pods Manifest.lock";
			outputFileListPaths = (
			);
			outputPaths = (
				"$(DERIVED_FILE_DIR)/Pods-MessangerAppTests-checkManifestLockResult.txt",
			);
			runOnlyForDeploymentPostprocessing = 0;
			shellPath = /bin/sh;
			shellScript = "diff \"${PODS_PODFILE_DIR_PATH}/Podfile.lock\" \"${PODS_ROOT}/Manifest.lock\" > /dev/null\nif [ $? != 0 ] ; then\n    # print error to STDERR\n    echo \"error: The sandbox is not in sync with the Podfile.lock. Run 'pod install' or update your CocoaPods installation.\" >&2\n    exit 1\nfi\n# This output is used by Xcode 'outputs' to avoid re-running this script phase.\necho \"SUCCESS\" > \"${SCRIPT_OUTPUT_FILE_0}\"\n";
			showEnvVarsInLog = 0;
		};
		BF9104D1A71E47C389986529 /* [CP] Check Pods Manifest.lock */ = {
			isa = PBXShellScriptBuildPhase;
			buildActionMask = 2147483647;
			files = (
			);
			inputFileListPaths = (
			);
			inputPaths = (
				"${PODS_PODFILE_DIR_PATH}/Podfile.lock",
				"${PODS_ROOT}/Manifest.lock",
			);
			name = "[CP] Check Pods Manifest.lock";
			outputFileListPaths = (
			);
			outputPaths = (
				"$(DERIVED_FILE_DIR)/Pods-MessangerApp-checkManifestLockResult.txt",
			);
			runOnlyForDeploymentPostprocessing = 0;
			shellPath = /bin/sh;
			shellScript = "diff \"${PODS_PODFILE_DIR_PATH}/Podfile.lock\" \"${PODS_ROOT}/Manifest.lock\" > /dev/null\nif [ $? != 0 ] ; then\n    # print error to STDERR\n    echo \"error: The sandbox is not in sync with the Podfile.lock. Run 'pod install' or update your CocoaPods installation.\" >&2\n    exit 1\nfi\n# This output is used by Xcode 'outputs' to avoid re-running this script phase.\necho \"SUCCESS\" > \"${SCRIPT_OUTPUT_FILE_0}\"\n";
			showEnvVarsInLog = 0;
		};
		D1F79C2EAE9AC8D5E7E6604A /* [CP] Check Pods Manifest.lock */ = {
			isa = PBXShellScriptBuildPhase;
			buildActionMask = 2147483647;
			files = (
			);
			inputFileListPaths = (
			);
			inputPaths = (
				"${PODS_PODFILE_DIR_PATH}/Podfile.lock",
				"${PODS_ROOT}/Manifest.lock",
			);
			name = "[CP] Check Pods Manifest.lock";
			outputFileListPaths = (
			);
			outputPaths = (
				"$(DERIVED_FILE_DIR)/Pods-MessangerApp-MessangerAppUITests-checkManifestLockResult.txt",
			);
			runOnlyForDeploymentPostprocessing = 0;
			shellPath = /bin/sh;
			shellScript = "diff \"${PODS_PODFILE_DIR_PATH}/Podfile.lock\" \"${PODS_ROOT}/Manifest.lock\" > /dev/null\nif [ $? != 0 ] ; then\n    # print error to STDERR\n    echo \"error: The sandbox is not in sync with the Podfile.lock. Run 'pod install' or update your CocoaPods installation.\" >&2\n    exit 1\nfi\n# This output is used by Xcode 'outputs' to avoid re-running this script phase.\necho \"SUCCESS\" > \"${SCRIPT_OUTPUT_FILE_0}\"\n";
			showEnvVarsInLog = 0;
		};
/* End PBXShellScriptBuildPhase section */

/* Begin PBXSourcesBuildPhase section */
		C3372E3C272945870003C08D /* Sources */ = {
			isa = PBXSourcesBuildPhase;
			buildActionMask = 2147483647;
			files = (
				C3372E48272945880003C08D /* LoginViewController.swift in Sources */,
				C3372E44272945870003C08D /* AppDelegate.swift in Sources */,
				C3372E7E272970110003C08D /* ProfileViewController.swift in Sources */,
				C3372E46272945880003C08D /* SceneDelegate.swift in Sources */,
				C3372E80272970670003C08D /* ConversationViewController ConversationViewController.swift in Sources */,
				C3372E7C27296F4E0003C08D /* RegisterViewController.swift in Sources */,
			);
			runOnlyForDeploymentPostprocessing = 0;
		};
		C3372E52272945890003C08D /* Sources */ = {
			isa = PBXSourcesBuildPhase;
			buildActionMask = 2147483647;
			files = (
				C3372E5B272945890003C08D /* MessangerAppTests.swift in Sources */,
			);
			runOnlyForDeploymentPostprocessing = 0;
		};
		C3372E5D272945890003C08D /* Sources */ = {
			isa = PBXSourcesBuildPhase;
			buildActionMask = 2147483647;
			files = (
				C3372E66272945890003C08D /* MessangerAppUITests.swift in Sources */,
			);
			runOnlyForDeploymentPostprocessing = 0;
		};
/* End PBXSourcesBuildPhase section */

/* Begin PBXTargetDependency section */
		C3372E58272945890003C08D /* PBXTargetDependency */ = {
			isa = PBXTargetDependency;
			target = C3372E3F272945870003C08D /* MessangerApp */;
			targetProxy = C3372E57272945890003C08D /* PBXContainerItemProxy */;
		};
		C3372E63272945890003C08D /* PBXTargetDependency */ = {
			isa = PBXTargetDependency;
			target = C3372E3F272945870003C08D /* MessangerApp */;
			targetProxy = C3372E62272945890003C08D /* PBXContainerItemProxy */;
		};
/* End PBXTargetDependency section */

/* Begin PBXVariantGroup section */
		C3372E49272945880003C08D /* Main.storyboard */ = {
			isa = PBXVariantGroup;
			children = (
				C3372E4A272945880003C08D /* Base */,
			);
			name = Main.storyboard;
			sourceTree = "<group>";
		};
		C3372E4E272945890003C08D /* LaunchScreen.storyboard */ = {
			isa = PBXVariantGroup;
			children = (
				C3372E4F272945890003C08D /* Base */,
			);
			name = LaunchScreen.storyboard;
			sourceTree = "<group>";
		};
/* End PBXVariantGroup section */

/* Begin XCBuildConfiguration section */
		C3372E68272945890003C08D /* Debug */ = {
			isa = XCBuildConfiguration;
			buildSettings = {
				ALWAYS_SEARCH_USER_PATHS = NO;
				CLANG_ANALYZER_NONNULL = YES;
				CLANG_ANALYZER_NUMBER_OBJECT_CONVERSION = YES_AGGRESSIVE;
				CLANG_CXX_LANGUAGE_STANDARD = "gnu++14";
				CLANG_CXX_LIBRARY = "libc++";
				CLANG_ENABLE_MODULES = YES;
				CLANG_ENABLE_OBJC_ARC = YES;
				CLANG_ENABLE_OBJC_WEAK = YES;
				CLANG_WARN_BLOCK_CAPTURE_AUTORELEASING = YES;
				CLANG_WARN_BOOL_CONVERSION = YES;
				CLANG_WARN_COMMA = YES;
				CLANG_WARN_CONSTANT_CONVERSION = YES;
				CLANG_WARN_DEPRECATED_OBJC_IMPLEMENTATIONS = YES;
				CLANG_WARN_DIRECT_OBJC_ISA_USAGE = YES_ERROR;
				CLANG_WARN_DOCUMENTATION_COMMENTS = YES;
				CLANG_WARN_EMPTY_BODY = YES;
				CLANG_WARN_ENUM_CONVERSION = YES;
				CLANG_WARN_INFINITE_RECURSION = YES;
				CLANG_WARN_INT_CONVERSION = YES;
				CLANG_WARN_NON_LITERAL_NULL_CONVERSION = YES;
				CLANG_WARN_OBJC_IMPLICIT_RETAIN_SELF = YES;
				CLANG_WARN_OBJC_LITERAL_CONVERSION = YES;
				CLANG_WARN_OBJC_ROOT_CLASS = YES_ERROR;
				CLANG_WARN_QUOTED_INCLUDE_IN_FRAMEWORK_HEADER = YES;
				CLANG_WARN_RANGE_LOOP_ANALYSIS = YES;
				CLANG_WARN_STRICT_PROTOTYPES = YES;
				CLANG_WARN_SUSPICIOUS_MOVE = YES;
				CLANG_WARN_UNGUARDED_AVAILABILITY = YES_AGGRESSIVE;
				CLANG_WARN_UNREACHABLE_CODE = YES;
				CLANG_WARN__DUPLICATE_METHOD_MATCH = YES;
				COPY_PHASE_STRIP = NO;
				DEBUG_INFORMATION_FORMAT = dwarf;
				ENABLE_STRICT_OBJC_MSGSEND = YES;
				ENABLE_TESTABILITY = YES;
				GCC_C_LANGUAGE_STANDARD = gnu11;
				GCC_DYNAMIC_NO_PIC = NO;
				GCC_NO_COMMON_BLOCKS = YES;
				GCC_OPTIMIZATION_LEVEL = 0;
				GCC_PREPROCESSOR_DEFINITIONS = (
					"DEBUG=1",
					"$(inherited)",
				);
				GCC_WARN_64_TO_32_BIT_CONVERSION = YES;
				GCC_WARN_ABOUT_RETURN_TYPE = YES_ERROR;
				GCC_WARN_UNDECLARED_SELECTOR = YES;
				GCC_WARN_UNINITIALIZED_AUTOS = YES_AGGRESSIVE;
				GCC_WARN_UNUSED_FUNCTION = YES;
				GCC_WARN_UNUSED_VARIABLE = YES;
				IPHONEOS_DEPLOYMENT_TARGET = 14.5;
				MTL_ENABLE_DEBUG_INFO = INCLUDE_SOURCE;
				MTL_FAST_MATH = YES;
				ONLY_ACTIVE_ARCH = YES;
				SDKROOT = iphoneos;
				SWIFT_ACTIVE_COMPILATION_CONDITIONS = DEBUG;
				SWIFT_OPTIMIZATION_LEVEL = "-Onone";
			};
			name = Debug;
		};
		C3372E69272945890003C08D /* Release */ = {
			isa = XCBuildConfiguration;
			buildSettings = {
				ALWAYS_SEARCH_USER_PATHS = NO;
				CLANG_ANALYZER_NONNULL = YES;
				CLANG_ANALYZER_NUMBER_OBJECT_CONVERSION = YES_AGGRESSIVE;
				CLANG_CXX_LANGUAGE_STANDARD = "gnu++14";
				CLANG_CXX_LIBRARY = "libc++";
				CLANG_ENABLE_MODULES = YES;
				CLANG_ENABLE_OBJC_ARC = YES;
				CLANG_ENABLE_OBJC_WEAK = YES;
				CLANG_WARN_BLOCK_CAPTURE_AUTORELEASING = YES;
				CLANG_WARN_BOOL_CONVERSION = YES;
				CLANG_WARN_COMMA = YES;
				CLANG_WARN_CONSTANT_CONVERSION = YES;
				CLANG_WARN_DEPRECATED_OBJC_IMPLEMENTATIONS = YES;
				CLANG_WARN_DIRECT_OBJC_ISA_USAGE = YES_ERROR;
				CLANG_WARN_DOCUMENTATION_COMMENTS = YES;
				CLANG_WARN_EMPTY_BODY = YES;
				CLANG_WARN_ENUM_CONVERSION = YES;
				CLANG_WARN_INFINITE_RECURSION = YES;
				CLANG_WARN_INT_CONVERSION = YES;
				CLANG_WARN_NON_LITERAL_NULL_CONVERSION = YES;
				CLANG_WARN_OBJC_IMPLICIT_RETAIN_SELF = YES;
				CLANG_WARN_OBJC_LITERAL_CONVERSION = YES;
				CLANG_WARN_OBJC_ROOT_CLASS = YES_ERROR;
				CLANG_WARN_QUOTED_INCLUDE_IN_FRAMEWORK_HEADER = YES;
				CLANG_WARN_RANGE_LOOP_ANALYSIS = YES;
				CLANG_WARN_STRICT_PROTOTYPES = YES;
				CLANG_WARN_SUSPICIOUS_MOVE = YES;
				CLANG_WARN_UNGUARDED_AVAILABILITY = YES_AGGRESSIVE;
				CLANG_WARN_UNREACHABLE_CODE = YES;
				CLANG_WARN__DUPLICATE_METHOD_MATCH = YES;
				COPY_PHASE_STRIP = NO;
				DEBUG_INFORMATION_FORMAT = "dwarf-with-dsym";
				ENABLE_NS_ASSERTIONS = NO;
				ENABLE_STRICT_OBJC_MSGSEND = YES;
				GCC_C_LANGUAGE_STANDARD = gnu11;
				GCC_NO_COMMON_BLOCKS = YES;
				GCC_WARN_64_TO_32_BIT_CONVERSION = YES;
				GCC_WARN_ABOUT_RETURN_TYPE = YES_ERROR;
				GCC_WARN_UNDECLARED_SELECTOR = YES;
				GCC_WARN_UNINITIALIZED_AUTOS = YES_AGGRESSIVE;
				GCC_WARN_UNUSED_FUNCTION = YES;
				GCC_WARN_UNUSED_VARIABLE = YES;
				IPHONEOS_DEPLOYMENT_TARGET = 14.5;
				MTL_ENABLE_DEBUG_INFO = NO;
				MTL_FAST_MATH = YES;
				SDKROOT = iphoneos;
				SWIFT_COMPILATION_MODE = wholemodule;
				SWIFT_OPTIMIZATION_LEVEL = "-O";
				VALIDATE_PRODUCT = YES;
			};
			name = Release;
		};
		C3372E6B272945890003C08D /* Debug */ = {
			isa = XCBuildConfiguration;
			baseConfigurationReference = 62C19ED14068F41BFE42C466 /* Pods-MessangerApp.debug.xcconfig */;
			buildSettings = {
				ASSETCATALOG_COMPILER_APPICON_NAME = AppIcon;
				ASSETCATALOG_COMPILER_GLOBAL_ACCENT_COLOR_NAME = AccentColor;
				CODE_SIGN_STYLE = Automatic;
				INFOPLIST_FILE = MessangerApp/Info.plist;
				LD_RUNPATH_SEARCH_PATHS = (
					"$(inherited)",
					"@executable_path/Frameworks",
				);
				PRODUCT_BUNDLE_IDENTIFIER = codingDojo.MessangerApp;
				PRODUCT_NAME = "$(TARGET_NAME)";
				SWIFT_VERSION = 5.0;
				TARGETED_DEVICE_FAMILY = "1,2";
			};
			name = Debug;
		};
		C3372E6C272945890003C08D /* Release */ = {
			isa = XCBuildConfiguration;
			baseConfigurationReference = 2BD007E0CD7419886801F29E /* Pods-MessangerApp.release.xcconfig */;
			buildSettings = {
				ASSETCATALOG_COMPILER_APPICON_NAME = AppIcon;
				ASSETCATALOG_COMPILER_GLOBAL_ACCENT_COLOR_NAME = AccentColor;
				CODE_SIGN_STYLE = Automatic;
				INFOPLIST_FILE = MessangerApp/Info.plist;
				LD_RUNPATH_SEARCH_PATHS = (
					"$(inherited)",
					"@executable_path/Frameworks",
				);
				PRODUCT_BUNDLE_IDENTIFIER = codingDojo.MessangerApp;
				PRODUCT_NAME = "$(TARGET_NAME)";
				SWIFT_VERSION = 5.0;
				TARGETED_DEVICE_FAMILY = "1,2";
			};
			name = Release;
		};
		C3372E6E272945890003C08D /* Debug */ = {
			isa = XCBuildConfiguration;
			baseConfigurationReference = 4820AA42609B9F4EBC34BEFC /* Pods-MessangerAppTests.debug.xcconfig */;
			buildSettings = {
				ALWAYS_EMBED_SWIFT_STANDARD_LIBRARIES = YES;
				BUNDLE_LOADER = "$(TEST_HOST)";
				CODE_SIGN_STYLE = Automatic;
				INFOPLIST_FILE = MessangerAppTests/Info.plist;
				IPHONEOS_DEPLOYMENT_TARGET = 14.5;
				LD_RUNPATH_SEARCH_PATHS = (
					"$(inherited)",
					"@executable_path/Frameworks",
					"@loader_path/Frameworks",
				);
				PRODUCT_BUNDLE_IDENTIFIER = codingDojo.MessangerAppTests;
				PRODUCT_NAME = "$(TARGET_NAME)";
				SWIFT_VERSION = 5.0;
				TARGETED_DEVICE_FAMILY = "1,2";
				TEST_HOST = "$(BUILT_PRODUCTS_DIR)/MessangerApp.app/MessangerApp";
			};
			name = Debug;
		};
		C3372E6F272945890003C08D /* Release */ = {
			isa = XCBuildConfiguration;
			baseConfigurationReference = D00AFBF0CFF64B312AA7FBBB /* Pods-MessangerAppTests.release.xcconfig */;
			buildSettings = {
				ALWAYS_EMBED_SWIFT_STANDARD_LIBRARIES = YES;
				BUNDLE_LOADER = "$(TEST_HOST)";
				CODE_SIGN_STYLE = Automatic;
				INFOPLIST_FILE = MessangerAppTests/Info.plist;
				IPHONEOS_DEPLOYMENT_TARGET = 14.5;
				LD_RUNPATH_SEARCH_PATHS = (
					"$(inherited)",
					"@executable_path/Frameworks",
					"@loader_path/Frameworks",
				);
				PRODUCT_BUNDLE_IDENTIFIER = codingDojo.MessangerAppTests;
				PRODUCT_NAME = "$(TARGET_NAME)";
				SWIFT_VERSION = 5.0;
				TARGETED_DEVICE_FAMILY = "1,2";
				TEST_HOST = "$(BUILT_PRODUCTS_DIR)/MessangerApp.app/MessangerApp";
			};
			name = Release;
		};
		C3372E71272945890003C08D /* Debug */ = {
			isa = XCBuildConfiguration;
			baseConfigurationReference = 51E39C3FAB5AC3919D92959B /* Pods-MessangerApp-MessangerAppUITests.debug.xcconfig */;
			buildSettings = {
				ALWAYS_EMBED_SWIFT_STANDARD_LIBRARIES = YES;
				CODE_SIGN_STYLE = Automatic;
				INFOPLIST_FILE = MessangerAppUITests/Info.plist;
				LD_RUNPATH_SEARCH_PATHS = (
					"$(inherited)",
					"@executable_path/Frameworks",
					"@loader_path/Frameworks",
				);
				PRODUCT_BUNDLE_IDENTIFIER = codingDojo.MessangerAppUITests;
				PRODUCT_NAME = "$(TARGET_NAME)";
				SWIFT_VERSION = 5.0;
				TARGETED_DEVICE_FAMILY = "1,2";
				TEST_TARGET_NAME = MessangerApp;
			};
			name = Debug;
		};
		C3372E72272945890003C08D /* Release */ = {
			isa = XCBuildConfiguration;
			baseConfigurationReference = 3230B9C9BE92FD4A8C15653C /* Pods-MessangerApp-MessangerAppUITests.release.xcconfig */;
			buildSettings = {
				ALWAYS_EMBED_SWIFT_STANDARD_LIBRARIES = YES;
				CODE_SIGN_STYLE = Automatic;
				INFOPLIST_FILE = MessangerAppUITests/Info.plist;
				LD_RUNPATH_SEARCH_PATHS = (
					"$(inherited)",
					"@executable_path/Frameworks",
					"@loader_path/Frameworks",
				);
				PRODUCT_BUNDLE_IDENTIFIER = codingDojo.MessangerAppUITests;
				PRODUCT_NAME = "$(TARGET_NAME)";
				SWIFT_VERSION = 5.0;
				TARGETED_DEVICE_FAMILY = "1,2";
				TEST_TARGET_NAME = MessangerApp;
			};
			name = Release;
		};
/* End XCBuildConfiguration section */

/* Begin XCConfigurationList section */
		C3372E3B272945870003C08D /* Build configuration list for PBXProject "MessangerApp" */ = {
			isa = XCConfigurationList;
			buildConfigurations = (
				C3372E68272945890003C08D /* Debug */,
				C3372E69272945890003C08D /* Release */,
			);
			defaultConfigurationIsVisible = 0;
			defaultConfigurationName = Release;
		};
		C3372E6A272945890003C08D /* Build configuration list for PBXNativeTarget "MessangerApp" */ = {
			isa = XCConfigurationList;
			buildConfigurations = (
				C3372E6B272945890003C08D /* Debug */,
				C3372E6C272945890003C08D /* Release */,
			);
			defaultConfigurationIsVisible = 0;
			defaultConfigurationName = Release;
		};
		C3372E6D272945890003C08D /* Build configuration list for PBXNativeTarget "MessangerAppTests" */ = {
			isa = XCConfigurationList;
			buildConfigurations = (
				C3372E6E272945890003C08D /* Debug */,
				C3372E6F272945890003C08D /* Release */,
			);
			defaultConfigurationIsVisible = 0;
			defaultConfigurationName = Release;
		};
		C3372E70272945890003C08D /* Build configuration list for PBXNativeTarget "MessangerAppUITests" */ = {
			isa = XCConfigurationList;
			buildConfigurations = (
				C3372E71272945890003C08D /* Debug */,
				C3372E72272945890003C08D /* Release */,
			);
			defaultConfigurationIsVisible = 0;
			defaultConfigurationName = Release;
		};
/* End XCConfigurationList section */
	};
	rootObject = C3372E38272945870003C08D /* Project object */;
}
